<?xml version="1.0" encoding="utf-8"?>
<Project ToolsVersion="4.0" xmlns="http://schemas.microsoft.com/developer/msbuild/2003">
  <ItemGroup>
    <Filter Include="Source Files">
      <UniqueIdentifier>{4FC737F1-C7A5-4376-A066-2A32D752A2FF}</UniqueIdentifier>
      <Extensions>cpp;c;cc;cxx;def;odl;idl;hpj;bat;asm;asmx</Extensions>
    </Filter>
    <Filter Include="Header Files">
      <UniqueIdentifier>{93995380-89BD-4b04-88EB-625FBE52EBFB}</UniqueIdentifier>
      <Extensions>h;hh;hpp;hxx;hm;inl;inc;ipp;xsd</Extensions>
    </Filter>
    <Filter Include="Resource Files">
      <UniqueIdentifier>{67DA6AB6-F800-4c08-8B7A-83BB121AAD01}</UniqueIdentifier>
      <Extensions>rc;ico;cur;bmp;dlg;rc2;rct;bin;rgs;gif;jpg;jpeg;jpe;resx;tiff;tif;png;wav;mfcribbon-ms</Extensions>
    </Filter>
  </ItemGroup>
  <ItemGroup>
    <ClInclude Include="stdafx.h">
      <Filter>Header Files</Filter>
    </ClInclude>
    <ClInclude Include="targetver.h">
      <Filter>Header Files</Filter>
    </ClInclude>
    <ClInclude Include="FileReader.h">
      <Filter>Header Files</Filter>
    </ClInclude>
    <ClInclude Include="PipeReader.h">
      <Filter>Header Files</Filter>
    </ClInclude>
    <ClInclude Include="Reader.h">
      <Filter>Header Files</Filter>
    </ClInclude>
    <ClInclude Include="Handler.h">
      <Filter>Header Files</Filter>
    </ClInclude>
    <ClInclude Include="Stream.h">
      <Filter>Header Files</Filter>
    </ClInclude>
    <ClInclude Include="CentraliseurConnecteur.h">
      <Filter>Header Files</Filter>
    </ClInclude>
    <ClInclude Include="DatasHandler.h">
      <Filter>Header Files</Filter>
    </ClInclude>
    <ClInclude Include="AltimetricsDatas.h">
      <Filter>Header Files</Filter>
    </ClInclude>
    <ClInclude Include="CommandLineGenerator.h">
      <Filter>Header Files</Filter>
    </ClInclude>
    <ClInclude Include="Message.h">
      <Filter>Header Files</Filter>
    </ClInclude>
    <ClInclude Include="EnumMessage.h">
      <Filter>Header Files</Filter>
    </ClInclude>
    <ClInclude Include="MessageAlgorithme.h">
      <Filter>Header Files</Filter>
    </ClInclude>
    <ClInclude Include="MessageEpilobe.h">
      <Filter>Header Files</Filter>
    </ClInclude>
    <ClInclude Include="MessageActions.h">
      <Filter>Header Files</Filter>
    </ClInclude>
    <ClInclude Include="MessageContour.h">
      <Filter>Header Files</Filter>
    </ClInclude>
    <ClInclude Include="MessageSimulation.h">
      <Filter>Header Files</Filter>
    </ClInclude>
    <ClInclude Include="MessageErreur.h">
      <Filter>Header Files</Filter>
    </ClInclude>
    <ClInclude Include="Configuration.h">
      <Filter>Header Files</Filter>
    </ClInclude>
    <ClInclude Include="Test.h">
      <Filter>Header Files</Filter>
    </ClInclude>
  </ItemGroup>
  <ItemGroup>
    <ClCompile Include="stdafx.cpp">
      <Filter>Source Files</Filter>
    </ClCompile>
    <ClCompile Include="centraliseur.cpp">
      <Filter>Source Files</Filter>
    </ClCompile>
    <ClCompile Include="FileReader.cpp">
      <Filter>Source Files</Filter>
    </ClCompile>
    <ClCompile Include="PipeReader.cpp">
      <Filter>Source Files</Filter>
    </ClCompile>
    <ClCompile Include="Reader.cpp">
      <Filter>Source Files</Filter>
    </ClCompile>
    <ClCompile Include="Handler.cpp">
      <Filter>Source Files</Filter>
    </ClCompile>
    <ClCompile Include="Stream.cpp">
      <Filter>Source Files</Filter>
    </ClCompile>
    <ClCompile Include="CentraliseurConnecteur.cpp">
      <Filter>Source Files</Filter>
    </ClCompile>
    <ClCompile Include="DatasHandler.cpp">
      <Filter>Source Files</Filter>
    </ClCompile>
    <ClCompile Include="AltimetricsDatas.cpp">
      <Filter>Source Files</Filter>
    </ClCompile>
    <ClCompile Include="Message.cpp">
      <Filter>Source Files</Filter>
    </ClCompile>
    <ClCompile Include="MessageAlgorithme.cpp">
      <Filter>Source Files</Filter>
    </ClCompile>
    <ClCompile Include="MessageEpilobe.cpp">
      <Filter>Source Files</Filter>
    </ClCompile>
    <ClCompile Include="MessageActions.cpp">
      <Filter>Source Files</Filter>
    </ClCompile>
    <ClCompile Include="MessageContour.cpp">
      <Filter>Source Files</Filter>
    </ClCompile>
    <ClCompile Include="MessageSimulation.cpp">
      <Filter>Source Files</Filter>
    </ClCompile>
    <ClCompile Include="MessageErreur.cpp">
      <Filter>Source Files</Filter>
    </ClCompile>
    <ClCompile Include="Configurations.cpp">
      <Filter>Source Files</Filter>
    </ClCompile>
    <ClCompile Include="Test.cpp">
      <Filter>Source Files</Filter>
    </ClCompile>
  </ItemGroup>
</Project>